
Microsoft Visual Studio Solution File, Format Version 12.00
# Visual Studio Version 16
VisualStudioVersion = 16.0.31005.135
MinimumVisualStudioVersion = 10.0.40219.1
Project("{FAE04EC0-301F-11D3-BF4B-00C04F79EFBC}") = "TemperatureApi", "TemperatureApi\TemperatureApi.csproj", "{EA5FC23A-52C3-4020-AB3B-9607C6B274FC}"
EndProject
Global
	GlobalSection(SolutionConfigurationPlatforms) = preSolution
		Debug|Any CPU = Debug|Any CPU
		Release|Any CPU = Release|Any CPU
	EndGlobalSection
	GlobalSection(ProjectConfigurationPlatforms) = postSolution
		{EA5FC23A-52C3-4020-AB3B-9607C6B274FC}.Debug|Any CPU.ActiveCfg = Debug|Any CPU
		{EA5FC23A-52C3-4020-AB3B-9607C6B274FC}.Debug|Any CPU.Build.0 = Debug|Any CPU
		{EA5FC23A-52C3-4020-AB3B-9607C6B274FC}.Release|Any CPU.ActiveCfg = Release|Any CPU
		{EA5FC23A-52C3-4020-AB3B-9607C6B274FC}.Release|Any CPU.Build.0 = Release|Any CPU
	EndGlobalSection
	GlobalSection(SolutionProperties) = preSolution
		HideSolutionNode = FALSE
	EndGlobalSection
	GlobalSection(ExtensibilityGlobals) = postSolution
		SolutionGuid = {F4BF343C-48D5-41BF-A7A8-0C42D714367A}
	EndGlobalSection
EndGlobal
